memo = "2f721bab61c1d529cd88f47d71e256cea1d5508ba1b7cb808d3981b596b667c2"

[[projects]]
  name = "github.com/Knetic/govaluate"
  packages = ["."]
  revision = "d216395917cc49052c7c7094cf57f09657ca08a8"
  version = "v3.0.0"

[[projects]]
  branch = "master"
  name = "github.com/lxn/walk"
  packages = [".","declarative"]
  revision = "5d9372f3dae5ec703af73ba07cec7a530aea2ec0"

[[projects]]
  branch = "master"
  name = "github.com/lxn/win"
  packages = ["."]
  revision = "cd28d435f783e79477f1ebbd983dd8dd72315064"
